
Microsoft Visual Studio Solution File, Format Version 12.00
# Visual Studio Version 17
VisualStudioVersion = 17.8.34330.188
MinimumVisualStudioVersion = 10.0.40219.1
Project("{8BC9CEB8-8B4A-11D0-8D11-00A0C91BC942}") = "APCS_Question016", "APCS_Question016\APCS_Question016.vcxproj", "{4DB32382-F3E5-4D92-845D-F10D151DAA9D}"
EndProject
Global
	GlobalSection(SolutionConfigurationPlatforms) = preSolution
		Debug|x64 = Debug|x64
		Debug|x86 = Debug|x86
		Release|x64 = Release|x64
		Release|x86 = Release|x86
	EndGlobalSection
	GlobalSection(ProjectConfigurationPlatforms) = postSolution
		{4DB32382-F3E5-4D92-845D-F10D151DAA9D}.Debug|x64.ActiveCfg = Debug|x64
		{4DB32382-F3E5-4D92-845D-F10D151DAA9D}.Debug|x64.Build.0 = Debug|x64
		{4DB32382-F3E5-4D92-845D-F10D151DAA9D}.Debug|x86.ActiveCfg = Debug|Win32
		{4DB32382-F3E5-4D92-845D-F10D151DAA9D}.Debug|x86.Build.0 = Debug|Win32
		{4DB32382-F3E5-4D92-845D-F10D151DAA9D}.Release|x64.ActiveCfg = Release|x64
		{4DB32382-F3E5-4D92-845D-F10D151DAA9D}.Release|x64.Build.0 = Release|x64
		{4DB32382-F3E5-4D92-845D-F10D151DAA9D}.Release|x86.ActiveCfg = Release|Win32
		{4DB32382-F3E5-4D92-845D-F10D151DAA9D}.Release|x86.Build.0 = Release|Win32
	EndGlobalSection
	GlobalSection(SolutionProperties) = preSolution
		HideSolutionNode = FALSE
	EndGlobalSection
	GlobalSection(ExtensibilityGlobals) = postSolution
		SolutionGuid = {2DD67379-83A6-4412-9345-80EAEA106C68}
	EndGlobalSection
EndGlobal
